
Microsoft Visual Studio Solution File, Format Version 12.00
# Visual Studio Version 16
VisualStudioVersion = 16.0.31112.23
MinimumVisualStudioVersion = 10.0.40219.1
Project("{9A19103F-16F7-4668-BE54-9A1E7A4F7556}") = "Entities", "Entities\Entities.csproj", "{9128703D-AE59-4D30-BCC8-CC2425588EE0}"
EndProject
Project("{9A19103F-16F7-4668-BE54-9A1E7A4F7556}") = "Core", "Core\Core.csproj", "{A6BAF58E-2BC4-4496-9D27-FAC69B068889}"
EndProject
Project("{9A19103F-16F7-4668-BE54-9A1E7A4F7556}") = "DataAccess", "DataAccess\DataAccess.csproj", "{AC28EFF8-AFAA-4BAF-BA68-4B42BB83AAA7}"
EndProject
Project("{9A19103F-16F7-4668-BE54-9A1E7A4F7556}") = "Business", "Business\Business.csproj", "{A5877923-E8AE-45CF-945B-D448B377431A}"
EndProject
Project("{9A19103F-16F7-4668-BE54-9A1E7A4F7556}") = "WebAPI", "WebAPI\WebAPI.csproj", "{B2DB5BCD-7D45-4194-937E-DCB0A1CAFB06}"
EndProject
Global
	GlobalSection(SolutionConfigurationPlatforms) = preSolution
		Debug|Any CPU = Debug|Any CPU
		Release|Any CPU = Release|Any CPU
	EndGlobalSection
	GlobalSection(ProjectConfigurationPlatforms) = postSolution
		{9128703D-AE59-4D30-BCC8-CC2425588EE0}.Debug|Any CPU.ActiveCfg = Debug|Any CPU
		{9128703D-AE59-4D30-BCC8-CC2425588EE0}.Debug|Any CPU.Build.0 = Debug|Any CPU
		{9128703D-AE59-4D30-BCC8-CC2425588EE0}.Release|Any CPU.ActiveCfg = Release|Any CPU
		{9128703D-AE59-4D30-BCC8-CC2425588EE0}.Release|Any CPU.Build.0 = Release|Any CPU
		{A6BAF58E-2BC4-4496-9D27-FAC69B068889}.Debug|Any CPU.ActiveCfg = Debug|Any CPU
		{A6BAF58E-2BC4-4496-9D27-FAC69B068889}.Debug|Any CPU.Build.0 = Debug|Any CPU
		{A6BAF58E-2BC4-4496-9D27-FAC69B068889}.Release|Any CPU.ActiveCfg = Release|Any CPU
		{A6BAF58E-2BC4-4496-9D27-FAC69B068889}.Release|Any CPU.Build.0 = Release|Any CPU
		{AC28EFF8-AFAA-4BAF-BA68-4B42BB83AAA7}.Debug|Any CPU.ActiveCfg = Debug|Any CPU
		{AC28EFF8-AFAA-4BAF-BA68-4B42BB83AAA7}.Debug|Any CPU.Build.0 = Debug|Any CPU
		{AC28EFF8-AFAA-4BAF-BA68-4B42BB83AAA7}.Release|Any CPU.ActiveCfg = Release|Any CPU
		{AC28EFF8-AFAA-4BAF-BA68-4B42BB83AAA7}.Release|Any CPU.Build.0 = Release|Any CPU
		{A5877923-E8AE-45CF-945B-D448B377431A}.Debug|Any CPU.ActiveCfg = Debug|Any CPU
		{A5877923-E8AE-45CF-945B-D448B377431A}.Debug|Any CPU.Build.0 = Debug|Any CPU
		{A5877923-E8AE-45CF-945B-D448B377431A}.Release|Any CPU.ActiveCfg = Release|Any CPU
		{A5877923-E8AE-45CF-945B-D448B377431A}.Release|Any CPU.Build.0 = Release|Any CPU
		{B2DB5BCD-7D45-4194-937E-DCB0A1CAFB06}.Debug|Any CPU.ActiveCfg = Debug|Any CPU
		{B2DB5BCD-7D45-4194-937E-DCB0A1CAFB06}.Debug|Any CPU.Build.0 = Debug|Any CPU
		{B2DB5BCD-7D45-4194-937E-DCB0A1CAFB06}.Release|Any CPU.ActiveCfg = Release|Any CPU
		{B2DB5BCD-7D45-4194-937E-DCB0A1CAFB06}.Release|Any CPU.Build.0 = Release|Any CPU
	EndGlobalSection
	GlobalSection(SolutionProperties) = preSolution
		HideSolutionNode = FALSE
	EndGlobalSection
	GlobalSection(ExtensibilityGlobals) = postSolution
		SolutionGuid = {56A4FE25-1370-4386-9049-279763CF60F1}
	EndGlobalSection
EndGlobal
